
Microsoft Visual Studio Solution File, Format Version 12.00
# Visual Studio Version 17
VisualStudioVersion = 17.3.32901.215
MinimumVisualStudioVersion = 10.0.40219.1
Project("{FAE04EC0-301F-11D3-BF4B-00C04F79EFBC}") = "MVVM-AudioPlayer", "MVVM-AudioPlayer\MVVM-AudioPlayer.csproj", "{D15FE020-8341-4B1C-9F36-238AFA4EB4B3}"
EndProject
Global
	GlobalSection(SolutionConfigurationPlatforms) = preSolution
		Debug|Any CPU = Debug|Any CPU
		Release|Any CPU = Release|Any CPU
	EndGlobalSection
	GlobalSection(ProjectConfigurationPlatforms) = postSolution
		{D15FE020-8341-4B1C-9F36-238AFA4EB4B3}.Debug|Any CPU.ActiveCfg = Debug|Any CPU
		{D15FE020-8341-4B1C-9F36-238AFA4EB4B3}.Debug|Any CPU.Build.0 = Debug|Any CPU
		{D15FE020-8341-4B1C-9F36-238AFA4EB4B3}.Release|Any CPU.ActiveCfg = Release|Any CPU
		{D15FE020-8341-4B1C-9F36-238AFA4EB4B3}.Release|Any CPU.Build.0 = Release|Any CPU
	EndGlobalSection
	GlobalSection(SolutionProperties) = preSolution
		HideSolutionNode = FALSE
	EndGlobalSection
	GlobalSection(ExtensibilityGlobals) = postSolution
		SolutionGuid = {70A679BD-E7E8-43C2-B0F3-5371D52862E4}
	EndGlobalSection
EndGlobal
